PODS:
  - Alamofire (5.0.0-rc.3)
  - HydraAsync (2.0.2)

DEPENDENCIES:
  - Alamofire (~> 5.0.0-rc.3)
  - HydraAsync

SPEC REPOS:
  trunk:
    - Alamofire
    - HydraAsync

SPEC CHECKSUMS:
  Alamofire: ca8c0de6906873be89d6deec5c8de279e00bf872
  HydraAsync: 690b8c1c9dcde7ee1093cee363a6c1ce36b56a83

PODFILE CHECKSUM: d3e237c95a80ca82f1f5860b7cb60e456e9c21ae

COCOAPODS: 1.8.3
